
Microsoft Visual Studio Solution File, Format Version 12.00
# Visual Studio Version 17
VisualStudioVersion = 17.1.32210.238
MinimumVisualStudioVersion = 10.0.40219.1
Project("{FAE04EC0-301F-11D3-BF4B-00C04F79EFBC}") = "CalculatorTest", "CalculatorTest\CalculatorTest.csproj", "{71AB760A-7044-42EC-ABFE-C1648346CB22}"
EndProject
Project("{FAE04EC0-301F-11D3-BF4B-00C04F79EFBC}") = "UnitTestProject_Calc", "UnitTestProject_Calc\UnitTestProject_Calc.csproj", "{59AF2E96-C1F1-4B89-ABA6-BA59BB2A20E6}"
EndProject
Global
	GlobalSection(SolutionConfigurationPlatforms) = preSolution
		Debug|Any CPU = Debug|Any CPU
		Release|Any CPU = Release|Any CPU
	EndGlobalSection
	GlobalSection(ProjectConfigurationPlatforms) = postSolution
		{71AB760A-7044-42EC-ABFE-C1648346CB22}.Debug|Any CPU.ActiveCfg = Debug|Any CPU
		{71AB760A-7044-42EC-ABFE-C1648346CB22}.Debug|Any CPU.Build.0 = Debug|Any CPU
		{71AB760A-7044-42EC-ABFE-C1648346CB22}.Release|Any CPU.ActiveCfg = Release|Any CPU
		{71AB760A-7044-42EC-ABFE-C1648346CB22}.Release|Any CPU.Build.0 = Release|Any CPU
		{59AF2E96-C1F1-4B89-ABA6-BA59BB2A20E6}.Debug|Any CPU.ActiveCfg = Debug|Any CPU
		{59AF2E96-C1F1-4B89-ABA6-BA59BB2A20E6}.Debug|Any CPU.Build.0 = Debug|Any CPU
		{59AF2E96-C1F1-4B89-ABA6-BA59BB2A20E6}.Release|Any CPU.ActiveCfg = Release|Any CPU
		{59AF2E96-C1F1-4B89-ABA6-BA59BB2A20E6}.Release|Any CPU.Build.0 = Release|Any CPU
	EndGlobalSection
	GlobalSection(SolutionProperties) = preSolution
		HideSolutionNode = FALSE
	EndGlobalSection
	GlobalSection(ExtensibilityGlobals) = postSolution
		SolutionGuid = {CAD6F34F-24B4-42FA-8ACB-368FC3BD2CDA}
	EndGlobalSection
EndGlobal
